// !$*UTF8*$!
{
	archiveVersion = 1;
	classes = {
	};
	objectVersion = 51;
	objects = {

/* Begin PBXBuildFile section */
		5014F2E734E75C1A177916C0 /* Pods_GBVKontakteApp.framework in Frameworks */ = {isa = PBXBuildFile; fileRef = D5A742D71F8E6ABB84329A6B /* Pods_GBVKontakteApp.framework */; };
		5405975F228EED1E002A892A /* AppDelegate.swift in Sources */ = {isa = PBXBuildFile; fileRef = 5405975E228EED1E002A892A /* AppDelegate.swift */; };
		54059761228EED1E002A892A /* LoginViewController.swift in Sources */ = {isa = PBXBuildFile; fileRef = 54059760228EED1E002A892A /* LoginViewController.swift */; };
		54059764228EED1E002A892A /* Main.storyboard in Resources */ = {isa = PBXBuildFile; fileRef = 54059762228EED1E002A892A /* Main.storyboard */; };
		54059769228EED1F002A892A /* LaunchScreen.storyboard in Resources */ = {isa = PBXBuildFile; fileRef = 54059767228EED1F002A892A /* LaunchScreen.storyboard */; };
		54076B632309477400C4305D /* Session.swift in Sources */ = {isa = PBXBuildFile; fileRef = 54076B622309477400C4305D /* Session.swift */; };
		54094F8822A10DE6001FD4D6 /* ShadowView.swift in Sources */ = {isa = PBXBuildFile; fileRef = 54094F8722A10DE6001FD4D6 /* ShadowView.swift */; };
		54094F8B22A1291D001FD4D6 /* LikeButtonControl.swift in Sources */ = {isa = PBXBuildFile; fileRef = 54094F8A22A1291D001FD4D6 /* LikeButtonControl.swift */; };
		542358CD2313DC9500B6C7B4 /* Photo.swift in Sources */ = {isa = PBXBuildFile; fileRef = 542358CC2313DC9500B6C7B4 /* Photo.swift */; };
		5426C9662326481A00A2FD17 /* GBVKontakteAppError.swift in Sources */ = {isa = PBXBuildFile; fileRef = 5426C9652326481A00A2FD17 /* GBVKontakteAppError.swift */; };
		5426C9682326495300A2FD17 /* UIViewController+Ext.swift in Sources */ = {isa = PBXBuildFile; fileRef = 5426C9672326495300A2FD17 /* UIViewController+Ext.swift */; };
		54290971231FA8F000F29A07 /* RealmService.swift in Sources */ = {isa = PBXBuildFile; fileRef = 54290970231FA8F000F29A07 /* RealmService.swift */; };
		542909732324F03900F29A07 /* UITableView+Ext.swift in Sources */ = {isa = PBXBuildFile; fileRef = 542909722324F03900F29A07 /* UITableView+Ext.swift */; };
		542909752325ABF600F29A07 /* GoogleService-Info.plist in Resources */ = {isa = PBXBuildFile; fileRef = 542909742325ABF600F29A07 /* GoogleService-Info.plist */; };
		5437105A22AA9BA100582985 /* NewsCell.swift in Sources */ = {isa = PBXBuildFile; fileRef = 5437105922AA9BA100582985 /* NewsCell.swift */; };
		5437105C22AA9DAE00582985 /* NewsModel.swift in Sources */ = {isa = PBXBuildFile; fileRef = 5437105B22AA9DAE00582985 /* NewsModel.swift */; };
		5437106022AAA03300582985 /* NewsViewController.swift in Sources */ = {isa = PBXBuildFile; fileRef = 5437105F22AAA03300582985 /* NewsViewController.swift */; };
		5437106322AAF3FF00582985 /* ImageShadowView.swift in Sources */ = {isa = PBXBuildFile; fileRef = 5437106222AAF3FF00582985 /* ImageShadowView.swift */; };
		5438BFEC22B8198C007F5C42 /* AnimateCollectionViewCell.swift in Sources */ = {isa = PBXBuildFile; fileRef = 5438BFEB22B8198C007F5C42 /* AnimateCollectionViewCell.swift */; };
		5438BFEE22B81A06007F5C42 /* AnimateFlowLayout.swift in Sources */ = {isa = PBXBuildFile; fileRef = 5438BFED22B81A06007F5C42 /* AnimateFlowLayout.swift */; };
		5438BFF022B81A6D007F5C42 /* AnimateViewController.swift in Sources */ = {isa = PBXBuildFile; fileRef = 5438BFEF22B81A6D007F5C42 /* AnimateViewController.swift */; };
		544C5F6222AE4A7700D345DA /* SkrollControl.swift in Sources */ = {isa = PBXBuildFile; fileRef = 544C5F6122AE4A7700D345DA /* SkrollControl.swift */; };
		544C5F6622AEDB3700D345DA /* NewsCollectionViewLayout.swift in Sources */ = {isa = PBXBuildFile; fileRef = 544C5F6522AEDB3700D345DA /* NewsCollectionViewLayout.swift */; };
		546DC1CF22BCE699001C7673 /* CornerNavogationController.swift in Sources */ = {isa = PBXBuildFile; fileRef = 546DC1CE22BCE699001C7673 /* CornerNavogationController.swift */; };
		546DC1D122BCE753001C7673 /* CornerAnimate.swift in Sources */ = {isa = PBXBuildFile; fileRef = 546DC1D022BCE753001C7673 /* CornerAnimate.swift */; };
		546DC1D422BCF58A001C7673 /* AnimateImageController.swift in Sources */ = {isa = PBXBuildFile; fileRef = 546DC1D322BCF58A001C7673 /* AnimateImageController.swift */; };
		546DC1DA22BE2557001C7673 /* LaunchScreenLogo.xib in Resources */ = {isa = PBXBuildFile; fileRef = 546DC1D922BE2557001C7673 /* LaunchScreenLogo.xib */; };
		546DC1DC22BE3ED4001C7673 /* AvatarView.swift in Sources */ = {isa = PBXBuildFile; fileRef = 546DC1DB22BE3ED4001C7673 /* AvatarView.swift */; };
		5477BCA223097B35001DD927 /* VKLoginController.swift in Sources */ = {isa = PBXBuildFile; fileRef = 5477BCA123097B35001DD927 /* VKLoginController.swift */; };
		5477BCA423097E7E001DD927 /* WebKit.framework in Frameworks */ = {isa = PBXBuildFile; fileRef = 5477BCA323097E7E001DD927 /* WebKit.framework */; };
		547B6C6B229C07460092EBEA /* CustomViewController.swift in Sources */ = {isa = PBXBuildFile; fileRef = 547B6C6A229C07460092EBEA /* CustomViewController.swift */; };
		547B6C6D229C08190092EBEA /* CoreGraphics.storyboard in Resources */ = {isa = PBXBuildFile; fileRef = 547B6C6C229C08190092EBEA /* CoreGraphics.storyboard */; };
		547B6C71229C35680092EBEA /* ImageView.swift in Sources */ = {isa = PBXBuildFile; fileRef = 547B6C70229C35680092EBEA /* ImageView.swift */; };
		5483886D22942B4C00E76666 /* FriendsViewController.swift in Sources */ = {isa = PBXBuildFile; fileRef = 5483886C22942B4C00E76666 /* FriendsViewController.swift */; };
		5483886F22942B8400E76666 /* FriendsFotoViewController.swift in Sources */ = {isa = PBXBuildFile; fileRef = 5483886E22942B8400E76666 /* FriendsFotoViewController.swift */; };
		5483887122942BE100E76666 /* UserGroupViewController.swift in Sources */ = {isa = PBXBuildFile; fileRef = 5483887022942BE100E76666 /* UserGroupViewController.swift */; };
		5483887322942BF200E76666 /* FindGroupViewController.swift in Sources */ = {isa = PBXBuildFile; fileRef = 5483887222942BF200E76666 /* FindGroupViewController.swift */; };
		549E949A22C20471002B86F3 /* LoadIndicatorView.swift in Sources */ = {isa = PBXBuildFile; fileRef = 549E949922C20471002B86F3 /* LoadIndicatorView.swift */; };
		549E949C22C25126002B86F3 /* CustomInteractiveTransition.swift in Sources */ = {isa = PBXBuildFile; fileRef = 549E949B22C25126002B86F3 /* CustomInteractiveTransition.swift */; };
		54A3BF002296847100B49849 /* FriendCell.swift in Sources */ = {isa = PBXBuildFile; fileRef = 54A3BEFF2296847100B49849 /* FriendCell.swift */; };
		54A3BF052296896600B49849 /* ImageCell.swift in Sources */ = {isa = PBXBuildFile; fileRef = 54A3BF042296896600B49849 /* ImageCell.swift */; };
		54A3BF072296919B00B49849 /* GroupCell.swift in Sources */ = {isa = PBXBuildFile; fileRef = 54A3BF062296919B00B49849 /* GroupCell.swift */; };
		54C59D44230AA5C000AC612A /* NetworkServiceBase.swift in Sources */ = {isa = PBXBuildFile; fileRef = 54C59D43230AA5C000AC612A /* NetworkServiceBase.swift */; };
		54D997DB230FE74300579E56 /* User.swift in Sources */ = {isa = PBXBuildFile; fileRef = 54D997DA230FE74300579E56 /* User.swift */; };
		54D997DD230FF38B00579E56 /* NetworkService.swift in Sources */ = {isa = PBXBuildFile; fileRef = 54D997DC230FF38B00579E56 /* NetworkService.swift */; };
		54D997E023126D9000579E56 /* Group.swift in Sources */ = {isa = PBXBuildFile; fileRef = 54D997DF23126D9000579E56 /* Group.swift */; };
		54F92A062296AD9F005FCCFA /* Assets.xcassets in Resources */ = {isa = PBXBuildFile; fileRef = 54F92A052296AD9F005FCCFA /* Assets.xcassets */; };
		54F92A082296BA39005FCCFA /* UserModel.swift in Sources */ = {isa = PBXBuildFile; fileRef = 54F92A072296BA39005FCCFA /* UserModel.swift */; };
		54F92A0A2296BA46005FCCFA /* GroupModel.swift in Sources */ = {isa = PBXBuildFile; fileRef = 54F92A092296BA46005FCCFA /* GroupModel.swift */; };
/* End PBXBuildFile section */

/* Begin PBXFileReference section */
		5405975B228EED1E002A892A /* GBVKontakteApp.app */ = {isa = PBXFileReference; explicitFileType = wrapper.application; includeInIndex = 0; path = GBVKontakteApp.app; sourceTree = BUILT_PRODUCTS_DIR; };
		5405975E228EED1E002A892A /* AppDelegate.swift */ = {isa = PBXFileReference; lastKnownFileType = sourcecode.swift; path = AppDelegate.swift; sourceTree = "<group>"; };
		54059760228EED1E002A892A /* LoginViewController.swift */ = {isa = PBXFileReference; lastKnownFileType = sourcecode.swift; path = LoginViewController.swift; sourceTree = "<group>"; };
		54059763228EED1E002A892A /* Base */ = {isa = PBXFileReference; lastKnownFileType = file.storyboard; name = Base; path = Base.lproj/Main.storyboard; sourceTree = "<group>"; };
		54059768228EED1F002A892A /* Base */ = {isa = PBXFileReference; lastKnownFileType = file.storyboard; name = Base; path = Base.lproj/LaunchScreen.storyboard; sourceTree = "<group>"; };
		5405976A228EED1F002A892A /* Info.plist */ = {isa = PBXFileReference; lastKnownFileType = text.plist.xml; path = Info.plist; sourceTree = "<group>"; };
		54076B622309477400C4305D /* Session.swift */ = {isa = PBXFileReference; lastKnownFileType = sourcecode.swift; path = Session.swift; sourceTree = "<group>"; };
		54094F8722A10DE6001FD4D6 /* ShadowView.swift */ = {isa = PBXFileReference; lastKnownFileType = sourcecode.swift; path = ShadowView.swift; sourceTree = "<group>"; };
		54094F8A22A1291D001FD4D6 /* LikeButtonControl.swift */ = {isa = PBXFileReference; lastKnownFileType = sourcecode.swift; path = LikeButtonControl.swift; sourceTree = "<group>"; };
		542358CC2313DC9500B6C7B4 /* Photo.swift */ = {isa = PBXFileReference; lastKnownFileType = sourcecode.swift; path = Photo.swift; sourceTree = "<group>"; };
		5426C9652326481A00A2FD17 /* GBVKontakteAppError.swift */ = {isa = PBXFileReference; lastKnownFileType = sourcecode.swift; path = GBVKontakteAppError.swift; sourceTree = "<group>"; };
		5426C9672326495300A2FD17 /* UIViewController+Ext.swift */ = {isa = PBXFileReference; lastKnownFileType = sourcecode.swift; path = "UIViewController+Ext.swift"; sourceTree = "<group>"; };
		54290970231FA8F000F29A07 /* RealmService.swift */ = {isa = PBXFileReference; lastKnownFileType = sourcecode.swift; path = RealmService.swift; sourceTree = "<group>"; };
		542909722324F03900F29A07 /* UITableView+Ext.swift */ = {isa = PBXFileReference; lastKnownFileType = sourcecode.swift; path = "UITableView+Ext.swift"; sourceTree = "<group>"; };
		542909742325ABF600F29A07 /* GoogleService-Info.plist */ = {isa = PBXFileReference; fileEncoding = 4; lastKnownFileType = text.plist.xml; path = "GoogleService-Info.plist"; sourceTree = "<group>"; };
		5437105922AA9BA100582985 /* NewsCell.swift */ = {isa = PBXFileReference; lastKnownFileType = sourcecode.swift; path = NewsCell.swift; sourceTree = "<group>"; };
		5437105B22AA9DAE00582985 /* NewsModel.swift */ = {isa = PBXFileReference; lastKnownFileType = sourcecode.swift; path = NewsModel.swift; sourceTree = "<group>"; };
		5437105F22AAA03300582985 /* NewsViewController.swift */ = {isa = PBXFileReference; lastKnownFileType = sourcecode.swift; path = NewsViewController.swift; sourceTree = "<group>"; };
		5437106222AAF3FF00582985 /* ImageShadowView.swift */ = {isa = PBXFileReference; lastKnownFileType = sourcecode.swift; path = ImageShadowView.swift; sourceTree = "<group>"; };
		5438BFEB22B8198C007F5C42 /* AnimateCollectionViewCell.swift */ = {isa = PBXFileReference; lastKnownFileType = sourcecode.swift; path = AnimateCollectionViewCell.swift; sourceTree = "<group>"; };
		5438BFED22B81A06007F5C42 /* AnimateFlowLayout.swift */ = {isa = PBXFileReference; lastKnownFileType = sourcecode.swift; path = AnimateFlowLayout.swift; sourceTree = "<group>"; };
		5438BFEF22B81A6D007F5C42 /* AnimateViewController.swift */ = {isa = PBXFileReference; lastKnownFileType = sourcecode.swift; path = AnimateViewController.swift; sourceTree = "<group>"; };
		544C5F6122AE4A7700D345DA /* SkrollControl.swift */ = {isa = PBXFileReference; lastKnownFileType = sourcecode.swift; path = SkrollControl.swift; sourceTree = "<group>"; };
		544C5F6522AEDB3700D345DA /* NewsCollectionViewLayout.swift */ = {isa = PBXFileReference; lastKnownFileType = sourcecode.swift; path = NewsCollectionViewLayout.swift; sourceTree = "<group>"; };
		546DC1CE22BCE699001C7673 /* CornerNavogationController.swift */ = {isa = PBXFileReference; lastKnownFileType = sourcecode.swift; path = CornerNavogationController.swift; sourceTree = "<group>"; };
		546DC1D022BCE753001C7673 /* CornerAnimate.swift */ = {isa = PBXFileReference; lastKnownFileType = sourcecode.swift; path = CornerAnimate.swift; sourceTree = "<group>"; };
		546DC1D322BCF58A001C7673 /* AnimateImageController.swift */ = {isa = PBXFileReference; lastKnownFileType = sourcecode.swift; path = AnimateImageController.swift; sourceTree = "<group>"; };
		546DC1D922BE2557001C7673 /* LaunchScreenLogo.xib */ = {isa = PBXFileReference; lastKnownFileType = file.xib; path = LaunchScreenLogo.xib; sourceTree = "<group>"; };
		546DC1DB22BE3ED4001C7673 /* AvatarView.swift */ = {isa = PBXFileReference; lastKnownFileType = sourcecode.swift; path = AvatarView.swift; sourceTree = "<group>"; };
		5477BCA123097B35001DD927 /* VKLoginController.swift */ = {isa = PBXFileReference; lastKnownFileType = sourcecode.swift; path = VKLoginController.swift; sourceTree = "<group>"; };
		5477BCA323097E7E001DD927 /* WebKit.framework */ = {isa = PBXFileReference; lastKnownFileType = wrapper.framework; name = WebKit.framework; path = System/Library/Frameworks/WebKit.framework; sourceTree = SDKROOT; };
		547B6C6A229C07460092EBEA /* CustomViewController.swift */ = {isa = PBXFileReference; lastKnownFileType = sourcecode.swift; path = CustomViewController.swift; sourceTree = "<group>"; };
		547B6C6C229C08190092EBEA /* CoreGraphics.storyboard */ = {isa = PBXFileReference; lastKnownFileType = file.storyboard; path = CoreGraphics.storyboard; sourceTree = "<group>"; };
		547B6C70229C35680092EBEA /* ImageView.swift */ = {isa = PBXFileReference; lastKnownFileType = sourcecode.swift; path = ImageView.swift; sourceTree = "<group>"; };
		5483886C22942B4C00E76666 /* FriendsViewController.swift */ = {isa = PBXFileReference; lastKnownFileType = sourcecode.swift; path = FriendsViewController.swift; sourceTree = "<group>"; };
		5483886E22942B8400E76666 /* FriendsFotoViewController.swift */ = {isa = PBXFileReference; lastKnownFileType = sourcecode.swift; path = FriendsFotoViewController.swift; sourceTree = "<group>"; };
		5483887022942BE100E76666 /* UserGroupViewController.swift */ = {isa = PBXFileReference; lastKnownFileType = sourcecode.swift; path = UserGroupViewController.swift; sourceTree = "<group>"; };
		5483887222942BF200E76666 /* FindGroupViewController.swift */ = {isa = PBXFileReference; lastKnownFileType = sourcecode.swift; path = FindGroupViewController.swift; sourceTree = "<group>"; };
		549E949922C20471002B86F3 /* LoadIndicatorView.swift */ = {isa = PBXFileReference; lastKnownFileType = sourcecode.swift; path = LoadIndicatorView.swift; sourceTree = "<group>"; };
		549E949B22C25126002B86F3 /* CustomInteractiveTransition.swift */ = {isa = PBXFileReference; lastKnownFileType = sourcecode.swift; path = CustomInteractiveTransition.swift; sourceTree = "<group>"; };
		54A3BEFF2296847100B49849 /* FriendCell.swift */ = {isa = PBXFileReference; lastKnownFileType = sourcecode.swift; path = FriendCell.swift; sourceTree = "<group>"; };
		54A3BF042296896600B49849 /* ImageCell.swift */ = {isa = PBXFileReference; lastKnownFileType = sourcecode.swift; path = ImageCell.swift; sourceTree = "<group>"; };
		54A3BF062296919B00B49849 /* GroupCell.swift */ = {isa = PBXFileReference; lastKnownFileType = sourcecode.swift; path = GroupCell.swift; sourceTree = "<group>"; };
		54C59D43230AA5C000AC612A /* NetworkServiceBase.swift */ = {isa = PBXFileReference; lastKnownFileType = sourcecode.swift; path = NetworkServiceBase.swift; sourceTree = "<group>"; };
		54D997DA230FE74300579E56 /* User.swift */ = {isa = PBXFileReference; lastKnownFileType = sourcecode.swift; path = User.swift; sourceTree = "<group>"; };
		54D997DC230FF38B00579E56 /* NetworkService.swift */ = {isa = PBXFileReference; lastKnownFileType = sourcecode.swift; path = NetworkService.swift; sourceTree = "<group>"; };
		54D997DF23126D9000579E56 /* Group.swift */ = {isa = PBXFileReference; lastKnownFileType = sourcecode.swift; path = Group.swift; sourceTree = "<group>"; };
		54F92A052296AD9F005FCCFA /* Assets.xcassets */ = {isa = PBXFileReference; lastKnownFileType = folder.assetcatalog; path = Assets.xcassets; sourceTree = "<group>"; };
		54F92A072296BA39005FCCFA /* UserModel.swift */ = {isa = PBXFileReference; lastKnownFileType = sourcecode.swift; path = UserModel.swift; sourceTree = "<group>"; };
		54F92A092296BA46005FCCFA /* GroupModel.swift */ = {isa = PBXFileReference; lastKnownFileType = sourcecode.swift; path = GroupModel.swift; sourceTree = "<group>"; };
		5D90D9FC0A1D2DB4FC63E4CA /* Pods-GBVKontakteApp.debug.xcconfig */ = {isa = PBXFileReference; includeInIndex = 1; lastKnownFileType = text.xcconfig; name = "Pods-GBVKontakteApp.debug.xcconfig"; path = "Target Support Files/Pods-GBVKontakteApp/Pods-GBVKontakteApp.debug.xcconfig"; sourceTree = "<group>"; };
		D5A742D71F8E6ABB84329A6B /* Pods_GBVKontakteApp.framework */ = {isa = PBXFileReference; explicitFileType = wrapper.framework; includeInIndex = 0; path = Pods_GBVKontakteApp.framework; sourceTree = BUILT_PRODUCTS_DIR; };
		F0DAA633564B58FA3952138E /* Pods-GBVKontakteApp.release.xcconfig */ = {isa = PBXFileReference; includeInIndex = 1; lastKnownFileType = text.xcconfig; name = "Pods-GBVKontakteApp.release.xcconfig"; path = "Target Support Files/Pods-GBVKontakteApp/Pods-GBVKontakteApp.release.xcconfig"; sourceTree = "<group>"; };
/* End PBXFileReference section */

/* Begin PBXFrameworksBuildPhase section */
		54059758228EED1E002A892A /* Frameworks */ = {
			isa = PBXFrameworksBuildPhase;
			buildActionMask = 2147483647;
			files = (
				5477BCA423097E7E001DD927 /* WebKit.framework in Frameworks */,
				5014F2E734E75C1A177916C0 /* Pods_GBVKontakteApp.framework in Frameworks */,
			);
			runOnlyForDeploymentPostprocessing = 0;
		};
/* End PBXFrameworksBuildPhase section */

/* Begin PBXGroup section */
		26B2DB22254FA40ED3AE6040 /* Frameworks */ = {
			isa = PBXGroup;
			children = (
				5477BCA323097E7E001DD927 /* WebKit.framework */,
				D5A742D71F8E6ABB84329A6B /* Pods_GBVKontakteApp.framework */,
			);
			name = Frameworks;
			sourceTree = "<group>";
		};
		54059752228EED1E002A892A = {
			isa = PBXGroup;
			children = (
				5405975D228EED1E002A892A /* GBVKontakteApp */,
				5405975C228EED1E002A892A /* Products */,
				AB959CD37880119B507D7A29 /* Pods */,
				26B2DB22254FA40ED3AE6040 /* Frameworks */,
			);
			sourceTree = "<group>";
		};
		5405975C228EED1E002A892A /* Products */ = {
			isa = PBXGroup;
			children = (
				5405975B228EED1E002A892A /* GBVKontakteApp.app */,
			);
			name = Products;
			sourceTree = "<group>";
		};
		5405975D228EED1E002A892A /* GBVKontakteApp */ = {
			isa = PBXGroup;
			children = (
				54094F8922A115C6001FD4D6 /* Archiv */,
				5405975E228EED1E002A892A /* AppDelegate.swift */,
				5483887422942C1500E76666 /* Controllers */,
				5437105822AA9A6000582985 /* Views */,
				54A3BF03229685D000B49849 /* Cells */,
				54F92A0B2296BA70005FCCFA /* Models */,
				5437106122AAEE4D00582985 /* Control */,
				54C73E272312DC3D00201C62 /* Layout */,
				546DC1CD22BCE633001C7673 /* NavigationControllers */,
				546DC1D222BCECE2001C7673 /* Base */,
				54C73E262312C16000201C62 /* Service */,
				54F92A052296AD9F005FCCFA /* Assets.xcassets */,
				5405976A228EED1F002A892A /* Info.plist */,
				5426C96923267FB400A2FD17 /* Extension */,
				542909742325ABF600F29A07 /* GoogleService-Info.plist */,
			);
			path = GBVKontakteApp;
			sourceTree = "<group>";
		};
		54094F8922A115C6001FD4D6 /* Archiv */ = {
			isa = PBXGroup;
			children = (
				54F92A072296BA39005FCCFA /* UserModel.swift */,
				54F92A092296BA46005FCCFA /* GroupModel.swift */,
				5437105B22AA9DAE00582985 /* NewsModel.swift */,
				546DC1D322BCF58A001C7673 /* AnimateImageController.swift */,
				547B6C70229C35680092EBEA /* ImageView.swift */,
				54C59D43230AA5C000AC612A /* NetworkServiceBase.swift */,
				54094F8722A10DE6001FD4D6 /* ShadowView.swift */,
				547B6C6A229C07460092EBEA /* CustomViewController.swift */,
				547B6C6C229C08190092EBEA /* CoreGraphics.storyboard */,
				546DC1DB22BE3ED4001C7673 /* AvatarView.swift */,
			);
			path = Archiv;
			sourceTree = "<group>";
		};
		5426C96923267FB400A2FD17 /* Extension */ = {
			isa = PBXGroup;
			children = (
				542909722324F03900F29A07 /* UITableView+Ext.swift */,
				5426C9672326495300A2FD17 /* UIViewController+Ext.swift */,
			);
			path = Extension;
			sourceTree = "<group>";
		};
		5437105822AA9A6000582985 /* Views */ = {
			isa = PBXGroup;
			children = (
				549E949922C20471002B86F3 /* LoadIndicatorView.swift */,
				5437106222AAF3FF00582985 /* ImageShadowView.swift */,
			);
			path = Views;
			sourceTree = "<group>";
		};
		5437106122AAEE4D00582985 /* Control */ = {
			isa = PBXGroup;
			children = (
				54094F8A22A1291D001FD4D6 /* LikeButtonControl.swift */,
				544C5F6122AE4A7700D345DA /* SkrollControl.swift */,
			);
			path = Control;
			sourceTree = "<group>";
		};
		546DC1CD22BCE633001C7673 /* NavigationControllers */ = {
			isa = PBXGroup;
			children = (
				546DC1CE22BCE699001C7673 /* CornerNavogationController.swift */,
				546DC1D022BCE753001C7673 /* CornerAnimate.swift */,
				549E949B22C25126002B86F3 /* CustomInteractiveTransition.swift */,
			);
			path = NavigationControllers;
			sourceTree = "<group>";
		};
		546DC1D222BCECE2001C7673 /* Base */ = {
			isa = PBXGroup;
			children = (
				54059762228EED1E002A892A /* Main.storyboard */,
				54059767228EED1F002A892A /* LaunchScreen.storyboard */,
				546DC1D922BE2557001C7673 /* LaunchScreenLogo.xib */,
			);
			path = Base;
			sourceTree = "<group>";
		};
		5483887422942C1500E76666 /* Controllers */ = {
			isa = PBXGroup;
			children = (
				5477BCA123097B35001DD927 /* VKLoginController.swift */,
				54059760228EED1E002A892A /* LoginViewController.swift */,
				5483886C22942B4C00E76666 /* FriendsViewController.swift */,
				5483886E22942B8400E76666 /* FriendsFotoViewController.swift */,
				5438BFEF22B81A6D007F5C42 /* AnimateViewController.swift */,
				5483887022942BE100E76666 /* UserGroupViewController.swift */,
				5483887222942BF200E76666 /* FindGroupViewController.swift */,
				5437105F22AAA03300582985 /* NewsViewController.swift */,
			);
			path = Controllers;
			sourceTree = "<group>";
		};
		54A3BF03229685D000B49849 /* Cells */ = {
			isa = PBXGroup;
			children = (
				54A3BEFF2296847100B49849 /* FriendCell.swift */,
				54A3BF042296896600B49849 /* ImageCell.swift */,
				54A3BF062296919B00B49849 /* GroupCell.swift */,
				5437105922AA9BA100582985 /* NewsCell.swift */,
				5438BFEB22B8198C007F5C42 /* AnimateCollectionViewCell.swift */,
			);
			path = Cells;
			sourceTree = "<group>";
		};
		54C73E262312C16000201C62 /* Service */ = {
			isa = PBXGroup;
			children = (
				54076B622309477400C4305D /* Session.swift */,
				54D997DC230FF38B00579E56 /* NetworkService.swift */,
				54290970231FA8F000F29A07 /* RealmService.swift */,
			);
			path = Service;
			sourceTree = "<group>";
		};
		54C73E272312DC3D00201C62 /* Layout */ = {
			isa = PBXGroup;
			children = (
				544C5F6522AEDB3700D345DA /* NewsCollectionViewLayout.swift */,
				5438BFED22B81A06007F5C42 /* AnimateFlowLayout.swift */,
			);
			path = Layout;
			sourceTree = "<group>";
		};
		54F92A0B2296BA70005FCCFA /* Models */ = {
			isa = PBXGroup;
			children = (
				54D997DA230FE74300579E56 /* User.swift */,
				54D997DF23126D9000579E56 /* Group.swift */,
				542358CC2313DC9500B6C7B4 /* Photo.swift */,
				5426C9652326481A00A2FD17 /* GBVKontakteAppError.swift */,
			);
			path = Models;
			sourceTree = "<group>";
		};
		AB959CD37880119B507D7A29 /* Pods */ = {
			isa = PBXGroup;
			children = (
				5D90D9FC0A1D2DB4FC63E4CA /* Pods-GBVKontakteApp.debug.xcconfig */,
				F0DAA633564B58FA3952138E /* Pods-GBVKontakteApp.release.xcconfig */,
			);
			path = Pods;
			sourceTree = "<group>";
		};
/* End PBXGroup section */

/* Begin PBXNativeTarget section */
		5405975A228EED1E002A892A /* GBVKontakteApp */ = {
			isa = PBXNativeTarget;
			buildConfigurationList = 5405976D228EED1F002A892A /* Build configuration list for PBXNativeTarget "GBVKontakteApp" */;
			buildPhases = (
				8BE5D2CC49D7BE13A5C8A4F1 /* [CP] Check Pods Manifest.lock */,
				54059757228EED1E002A892A /* Sources */,
				54059758228EED1E002A892A /* Frameworks */,
				54059759228EED1E002A892A /* Resources */,
				2915FBA73B5C2A751DF5EC43 /* [CP] Embed Pods Frameworks */,
			);
			buildRules = (
			);
			dependencies = (
			);
			name = GBVKontakteApp;
			productName = GBVKontakteApp2;
			productReference = 5405975B228EED1E002A892A /* GBVKontakteApp.app */;
			productType = "com.apple.product-type.application";
		};
/* End PBXNativeTarget section */

/* Begin PBXProject section */
		54059753228EED1E002A892A /* Project object */ = {
			isa = PBXProject;
			attributes = {
				LastSwiftUpdateCheck = 1020;
				LastUpgradeCheck = 1020;
				ORGANIZATIONNAME = Dmitry;
				TargetAttributes = {
					5405975A228EED1E002A892A = {
						CreatedOnToolsVersion = 10.2.1;
					};
				};
			};
			buildConfigurationList = 54059756228EED1E002A892A /* Build configuration list for PBXProject "GBVKontakteApp" */;
			compatibilityVersion = "Xcode 9.3";
			developmentRegion = en;
			hasScannedForEncodings = 0;
			knownRegions = (
				en,
				Base,
			);
			mainGroup = 54059752228EED1E002A892A;
			productRefGroup = 5405975C228EED1E002A892A /* Products */;
			projectDirPath = "";
			projectRoot = "";
			targets = (
				5405975A228EED1E002A892A /* GBVKontakteApp */,
			);
		};
/* End PBXProject section */

/* Begin PBXResourcesBuildPhase section */
		54059759228EED1E002A892A /* Resources */ = {
			isa = PBXResourcesBuildPhase;
			buildActionMask = 2147483647;
			files = (
				546DC1DA22BE2557001C7673 /* LaunchScreenLogo.xib in Resources */,
				547B6C6D229C08190092EBEA /* CoreGraphics.storyboard in Resources */,
				54059769228EED1F002A892A /* LaunchScreen.storyboard in Resources */,
				54F92A062296AD9F005FCCFA /* Assets.xcassets in Resources */,
				54059764228EED1E002A892A /* Main.storyboard in Resources */,
				542909752325ABF600F29A07 /* GoogleService-Info.plist in Resources */,
			);
			runOnlyForDeploymentPostprocessing = 0;
		};
/* End PBXResourcesBuildPhase section */

/* Begin PBXShellScriptBuildPhase section */
		2915FBA73B5C2A751DF5EC43 /* [CP] Embed Pods Frameworks */ = {
			isa = PBXShellScriptBuildPhase;
			buildActionMask = 2147483647;
			files = (
			);
			inputFileListPaths = (
				"${PODS_ROOT}/Target Support Files/Pods-GBVKontakteApp/Pods-GBVKontakteApp-frameworks-${CONFIGURATION}-input-files.xcfilelist",
			);
			name = "[CP] Embed Pods Frameworks";
			outputFileListPaths = (
				"${PODS_ROOT}/Target Support Files/Pods-GBVKontakteApp/Pods-GBVKontakteApp-frameworks-${CONFIGURATION}-output-files.xcfilelist",
			);
			runOnlyForDeploymentPostprocessing = 0;
			shellPath = /bin/sh;
			shellScript = "\"${PODS_ROOT}/Target Support Files/Pods-GBVKontakteApp/Pods-GBVKontakteApp-frameworks.sh\"\n";
			showEnvVarsInLog = 0;
		};
		8BE5D2CC49D7BE13A5C8A4F1 /* [CP] Check Pods Manifest.lock */ = {
			isa = PBXShellScriptBuildPhase;
			buildActionMask = 2147483647;
			files = (
			);
			inputFileListPaths = (
			);
			inputPaths = (
				"${PODS_PODFILE_DIR_PATH}/Podfile.lock",
				"${PODS_ROOT}/Manifest.lock",
			);
			name = "[CP] Check Pods Manifest.lock";
			outputFileListPaths = (
			);
			outputPaths = (
				"$(DERIVED_FILE_DIR)/Pods-GBVKontakteApp-checkManifestLockResult.txt",
			);
			runOnlyForDeploymentPostprocessing = 0;
			shellPath = /bin/sh;
			shellScript = "diff \"${PODS_PODFILE_DIR_PATH}/Podfile.lock\" \"${PODS_ROOT}/Manifest.lock\" > /dev/null\nif [ $? != 0 ] ; then\n    # print error to STDERR\n    echo \"error: The sandbox is not in sync with the Podfile.lock. Run 'pod install' or update your CocoaPods installation.\" >&2\n    exit 1\nfi\n# This output is used by Xcode 'outputs' to avoid re-running this script phase.\necho \"SUCCESS\" > \"${SCRIPT_OUTPUT_FILE_0}\"\n";
			showEnvVarsInLog = 0;
		};
/* End PBXShellScriptBuildPhase section */

/* Begin PBXSourcesBuildPhase section */
		54059757228EED1E002A892A /* Sources */ = {
			isa = PBXSourcesBuildPhase;
			buildActionMask = 2147483647;
			files = (
				54076B632309477400C4305D /* Session.swift in Sources */,
				542358CD2313DC9500B6C7B4 /* Photo.swift in Sources */,
				549E949A22C20471002B86F3 /* LoadIndicatorView.swift in Sources */,
				54F92A0A2296BA46005FCCFA /* GroupModel.swift in Sources */,
				5437106322AAF3FF00582985 /* ImageShadowView.swift in Sources */,
				54A3BF072296919B00B49849 /* GroupCell.swift in Sources */,
				54A3BF002296847100B49849 /* FriendCell.swift in Sources */,
				547B6C6B229C07460092EBEA /* CustomViewController.swift in Sources */,
				544C5F6622AEDB3700D345DA /* NewsCollectionViewLayout.swift in Sources */,
				547B6C71229C35680092EBEA /* ImageView.swift in Sources */,
				549E949C22C25126002B86F3 /* CustomInteractiveTransition.swift in Sources */,
				5483886F22942B8400E76666 /* FriendsFotoViewController.swift in Sources */,
				5437105A22AA9BA100582985 /* NewsCell.swift in Sources */,
				546DC1DC22BE3ED4001C7673 /* AvatarView.swift in Sources */,
				54094F8822A10DE6001FD4D6 /* ShadowView.swift in Sources */,
				5438BFEC22B8198C007F5C42 /* AnimateCollectionViewCell.swift in Sources */,
				54A3BF052296896600B49849 /* ImageCell.swift in Sources */,
				5477BCA223097B35001DD927 /* VKLoginController.swift in Sources */,
				542909732324F03900F29A07 /* UITableView+Ext.swift in Sources */,
				546DC1D122BCE753001C7673 /* CornerAnimate.swift in Sources */,
				5438BFF022B81A6D007F5C42 /* AnimateViewController.swift in Sources */,
				54059761228EED1E002A892A /* LoginViewController.swift in Sources */,
				54D997DD230FF38B00579E56 /* NetworkService.swift in Sources */,
				5426C9662326481A00A2FD17 /* GBVKontakteAppError.swift in Sources */,
				5483886D22942B4C00E76666 /* FriendsViewController.swift in Sources */,
				5483887322942BF200E76666 /* FindGroupViewController.swift in Sources */,
				54C59D44230AA5C000AC612A /* NetworkServiceBase.swift in Sources */,
				546DC1D422BCF58A001C7673 /* AnimateImageController.swift in Sources */,
				54D997DB230FE74300579E56 /* User.swift in Sources */,
				5405975F228EED1E002A892A /* AppDelegate.swift in Sources */,
				54D997E023126D9000579E56 /* Group.swift in Sources */,
				544C5F6222AE4A7700D345DA /* SkrollControl.swift in Sources */,
				5437105C22AA9DAE00582985 /* NewsModel.swift in Sources */,
				5438BFEE22B81A06007F5C42 /* AnimateFlowLayout.swift in Sources */,
				5426C9682326495300A2FD17 /* UIViewController+Ext.swift in Sources */,
				54F92A082296BA39005FCCFA /* UserModel.swift in Sources */,
				54290971231FA8F000F29A07 /* RealmService.swift in Sources */,
				5437106022AAA03300582985 /* NewsViewController.swift in Sources */,
				54094F8B22A1291D001FD4D6 /* LikeButtonControl.swift in Sources */,
				5483887122942BE100E76666 /* UserGroupViewController.swift in Sources */,
				546DC1CF22BCE699001C7673 /* CornerNavogationController.swift in Sources */,
			);
			runOnlyForDeploymentPostprocessing = 0;
		};
/* End PBXSourcesBuildPhase section */

/* Begin PBXVariantGroup section */
		54059762228EED1E002A892A /* Main.storyboard */ = {
			isa = PBXVariantGroup;
			children = (
				54059763228EED1E002A892A /* Base */,
			);
			name = Main.storyboard;
			sourceTree = "<group>";
		};
		54059767228EED1F002A892A /* LaunchScreen.storyboard */ = {
			isa = PBXVariantGroup;
			children = (
				54059768228EED1F002A892A /* Base */,
			);
			name = LaunchScreen.storyboard;
			sourceTree = "<group>";
		};
/* End PBXVariantGroup section */

/* Begin XCBuildConfiguration section */
		5405976B228EED1F002A892A /* Debug */ = {
			isa = XCBuildConfiguration;
			buildSettings = {
				ALWAYS_SEARCH_USER_PATHS = NO;
				CLANG_ANALYZER_NONNULL = YES;
				CLANG_ANALYZER_NUMBER_OBJECT_CONVERSION = YES_AGGRESSIVE;
				CLANG_CXX_LANGUAGE_STANDARD = "gnu++14";
				CLANG_CXX_LIBRARY = "libc++";
				CLANG_ENABLE_MODULES = YES;
				CLANG_ENABLE_OBJC_ARC = YES;
				CLANG_ENABLE_OBJC_WEAK = YES;
				CLANG_WARN_BLOCK_CAPTURE_AUTORELEASING = YES;
				CLANG_WARN_BOOL_CONVERSION = YES;
				CLANG_WARN_COMMA = YES;
				CLANG_WARN_CONSTANT_CONVERSION = YES;
				CLANG_WARN_DEPRECATED_OBJC_IMPLEMENTATIONS = YES;
				CLANG_WARN_DIRECT_OBJC_ISA_USAGE = YES_ERROR;
				CLANG_WARN_DOCUMENTATION_COMMENTS = YES;
				CLANG_WARN_EMPTY_BODY = YES;
				CLANG_WARN_ENUM_CONVERSION = YES;
				CLANG_WARN_INFINITE_RECURSION = YES;
				CLANG_WARN_INT_CONVERSION = YES;
				CLANG_WARN_NON_LITERAL_NULL_CONVERSION = YES;
				CLANG_WARN_OBJC_IMPLICIT_RETAIN_SELF = YES;
				CLANG_WARN_OBJC_LITERAL_CONVERSION = YES;
				CLANG_WARN_OBJC_ROOT_CLASS = YES_ERROR;
				CLANG_WARN_RANGE_LOOP_ANALYSIS = YES;
				CLANG_WARN_STRICT_PROTOTYPES = YES;
				CLANG_WARN_SUSPICIOUS_MOVE = YES;
				CLANG_WARN_UNGUARDED_AVAILABILITY = YES_AGGRESSIVE;
				CLANG_WARN_UNREACHABLE_CODE = YES;
				CLANG_WARN__DUPLICATE_METHOD_MATCH = YES;
				CODE_SIGN_IDENTITY = "iPhone Developer";
				COPY_PHASE_STRIP = NO;
				DEBUG_INFORMATION_FORMAT = dwarf;
				ENABLE_STRICT_OBJC_MSGSEND = YES;
				ENABLE_TESTABILITY = YES;
				GCC_C_LANGUAGE_STANDARD = gnu11;
				GCC_DYNAMIC_NO_PIC = NO;
				GCC_NO_COMMON_BLOCKS = YES;
				GCC_OPTIMIZATION_LEVEL = 0;
				GCC_PREPROCESSOR_DEFINITIONS = (
					"DEBUG=1",
					"$(inherited)",
				);
				GCC_WARN_64_TO_32_BIT_CONVERSION = YES;
				GCC_WARN_ABOUT_RETURN_TYPE = YES_ERROR;
				GCC_WARN_UNDECLARED_SELECTOR = YES;
				GCC_WARN_UNINITIALIZED_AUTOS = YES_AGGRESSIVE;
				GCC_WARN_UNUSED_FUNCTION = YES;
				GCC_WARN_UNUSED_VARIABLE = YES;
				IPHONEOS_DEPLOYMENT_TARGET = 12.2;
				MTL_ENABLE_DEBUG_INFO = INCLUDE_SOURCE;
				MTL_FAST_MATH = YES;
				ONLY_ACTIVE_ARCH = YES;
				SDKROOT = iphoneos;
				SWIFT_ACTIVE_COMPILATION_CONDITIONS = DEBUG;
				SWIFT_OPTIMIZATION_LEVEL = "-Onone";
			};
			name = Debug;
		};
		5405976C228EED1F002A892A /* Release */ = {
			isa = XCBuildConfiguration;
			buildSettings = {
				ALWAYS_SEARCH_USER_PATHS = NO;
				CLANG_ANALYZER_NONNULL = YES;
				CLANG_ANALYZER_NUMBER_OBJECT_CONVERSION = YES_AGGRESSIVE;
				CLANG_CXX_LANGUAGE_STANDARD = "gnu++14";
				CLANG_CXX_LIBRARY = "libc++";
				CLANG_ENABLE_MODULES = YES;
				CLANG_ENABLE_OBJC_ARC = YES;
				CLANG_ENABLE_OBJC_WEAK = YES;
				CLANG_WARN_BLOCK_CAPTURE_AUTORELEASING = YES;
				CLANG_WARN_BOOL_CONVERSION = YES;
				CLANG_WARN_COMMA = YES;
				CLANG_WARN_CONSTANT_CONVERSION = YES;
				CLANG_WARN_DEPRECATED_OBJC_IMPLEMENTATIONS = YES;
				CLANG_WARN_DIRECT_OBJC_ISA_USAGE = YES_ERROR;
				CLANG_WARN_DOCUMENTATION_COMMENTS = YES;
				CLANG_WARN_EMPTY_BODY = YES;
				CLANG_WARN_ENUM_CONVERSION = YES;
				CLANG_WARN_INFINITE_RECURSION = YES;
				CLANG_WARN_INT_CONVERSION = YES;
				CLANG_WARN_NON_LITERAL_NULL_CONVERSION = YES;
				CLANG_WARN_OBJC_IMPLICIT_RETAIN_SELF = YES;
				CLANG_WARN_OBJC_LITERAL_CONVERSION = YES;
				CLANG_WARN_OBJC_ROOT_CLASS = YES_ERROR;
				CLANG_WARN_RANGE_LOOP_ANALYSIS = YES;
				CLANG_WARN_STRICT_PROTOTYPES = YES;
				CLANG_WARN_SUSPICIOUS_MOVE = YES;
				CLANG_WARN_UNGUARDED_AVAILABILITY = YES_AGGRESSIVE;
				CLANG_WARN_UNREACHABLE_CODE = YES;
				CLANG_WARN__DUPLICATE_METHOD_MATCH = YES;
				CODE_SIGN_IDENTITY = "iPhone Developer";
				COPY_PHASE_STRIP = NO;
				DEBUG_INFORMATION_FORMAT = "dwarf-with-dsym";
				ENABLE_NS_ASSERTIONS = NO;
				ENABLE_STRICT_OBJC_MSGSEND = YES;
				GCC_C_LANGUAGE_STANDARD = gnu11;
				GCC_NO_COMMON_BLOCKS = YES;
				GCC_WARN_64_TO_32_BIT_CONVERSION = YES;
				GCC_WARN_ABOUT_RETURN_TYPE = YES_ERROR;
				GCC_WARN_UNDECLARED_SELECTOR = YES;
				GCC_WARN_UNINITIALIZED_AUTOS = YES_AGGRESSIVE;
				GCC_WARN_UNUSED_FUNCTION = YES;
				GCC_WARN_UNUSED_VARIABLE = YES;
				IPHONEOS_DEPLOYMENT_TARGET = 12.2;
				MTL_ENABLE_DEBUG_INFO = NO;
				MTL_FAST_MATH = YES;
				SDKROOT = iphoneos;
				SWIFT_COMPILATION_MODE = wholemodule;
				SWIFT_OPTIMIZATION_LEVEL = "-O";
				VALIDATE_PRODUCT = YES;
			};
			name = Release;
		};
		5405976E228EED1F002A892A /* Debug */ = {
			isa = XCBuildConfiguration;
			baseConfigurationReference = 5D90D9FC0A1D2DB4FC63E4CA /* Pods-GBVKontakteApp.debug.xcconfig */;
			buildSettings = {
				ASSETCATALOG_COMPILER_APPICON_NAME = AppIcon;
				CODE_SIGN_STYLE = Automatic;
				DEVELOPMENT_TEAM = FN93V32P4S;
				INFOPLIST_FILE = GBVKontakteApp/Info.plist;
				LD_RUNPATH_SEARCH_PATHS = (
					"$(inherited)",
					"@executable_path/Frameworks",
				);
				PRODUCT_BUNDLE_IDENTIFIER = DSS.GBVKontakteApp;
				PRODUCT_NAME = "$(TARGET_NAME)";
				SWIFT_VERSION = 5.0;
				TARGETED_DEVICE_FAMILY = "1,2";
			};
			name = Debug;
		};
		5405976F228EED1F002A892A /* Release */ = {
			isa = XCBuildConfiguration;
			baseConfigurationReference = F0DAA633564B58FA3952138E /* Pods-GBVKontakteApp.release.xcconfig */;
			buildSettings = {
				ASSETCATALOG_COMPILER_APPICON_NAME = AppIcon;
				CODE_SIGN_STYLE = Automatic;
				DEVELOPMENT_TEAM = FN93V32P4S;
				INFOPLIST_FILE = GBVKontakteApp/Info.plist;
				LD_RUNPATH_SEARCH_PATHS = (
					"$(inherited)",
					"@executable_path/Frameworks",
				);
				PRODUCT_BUNDLE_IDENTIFIER = DSS.GBVKontakteApp;
				PRODUCT_NAME = "$(TARGET_NAME)";
				SWIFT_VERSION = 5.0;
				TARGETED_DEVICE_FAMILY = "1,2";
			};
			name = Release;
		};
/* End XCBuildConfiguration section */

/* Begin XCConfigurationList section */
		54059756228EED1E002A892A /* Build configuration list for PBXProject "GBVKontakteApp" */ = {
			isa = XCConfigurationList;
			buildConfigurations = (
				5405976B228EED1F002A892A /* Debug */,
				5405976C228EED1F002A892A /* Release */,
			);
			defaultConfigurationIsVisible = 0;
			defaultConfigurationName = Release;
		};
		5405976D228EED1F002A892A /* Build configuration list for PBXNativeTarget "GBVKontakteApp" */ = {
			isa = XCConfigurationList;
			buildConfigurations = (
				5405976E228EED1F002A892A /* Debug */,
				5405976F228EED1F002A892A /* Release */,
			);
			defaultConfigurationIsVisible = 0;
			defaultConfigurationName = Release;
		};
/* End XCConfigurationList section */
	};
	rootObject = 54059753228EED1E002A892A /* Project object */;
}
